Microsoft Visual Studio Solution File, Format Version 12.00
# Visual Studio Version 17
VisualStudioVersion = 17.5.2.0
MinimumVisualStudioVersion = 10.0.40219.1
Project("{FAE04EC0-301F-11D3-BF4B-00C04F79EFBC}") = "Eventify-High-Performance-Event-Management-API", "Eventify-High-Performance-Event-Management-API.csproj", "{F748E483-37C2-16CC-FDF9-1EC0BE5155AA}"
EndProject
Global
	GlobalSection(SolutionConfigurationPlatforms) = preSolution
		Debug|Any CPU = Debug|Any CPU
		Release|Any CPU = Release|Any CPU
	EndGlobalSection
	GlobalSection(ProjectConfigurationPlatforms) = postSolution
		{F748E483-37C2-16CC-FDF9-1EC0BE5155AA}.Debug|Any CPU.ActiveCfg = Debug|Any CPU
		{F748E483-37C2-16CC-FDF9-1EC0BE5155AA}.Debug|Any CPU.Build.0 = Debug|Any CPU
		{F748E483-37C2-16CC-FDF9-1EC0BE5155AA}.Release|Any CPU.ActiveCfg = Release|Any CPU
		{F748E483-37C2-16CC-FDF9-1EC0BE5155AA}.Release|Any CPU.Build.0 = Release|Any CPU
	EndGlobalSection
	GlobalSection(SolutionProperties) = preSolution
		HideSolutionNode = FALSE
	EndGlobalSection
	GlobalSection(ExtensibilityGlobals) = postSolution
		SolutionGuid = {097B6D4D-8A0E-4B99-A5A0-0CC41B1EF4E8}
	EndGlobalSection
EndGlobal
